{
  "name": "github",
  "version": "1.0.0",
  "lockfileVersion": 2,
  "requires": true,
  "packages": {
    "": {
      "name": "github",
      "version": "1.0.0",
      "license": "ISC",
      "dependencies": {
        "dotenv": "^16.0.3",
        "nodejs": "^0.0.0"
      }
    },
    "node_modules/dotenv": {
      "version": "16.0.3",
      "resolved": "https://registry.npmjs.org/dotenv/-/dotenv-16.0.3.tgz",
      "integrity": "sha512-7GO6HghkA5fYG9TYnNxi14/7K9f5occMlp3zXAuSxn7CKCxt9xbNWG7yF8hTCSUchlfWSe3uLmlPfigevRItzQ==",
      "engines": {
        "node": ">=12"
      }
    },
    "node_modules/nodejs": {
      "version": "0.0.0",
      "resolved": "https://registry.npmjs.org/nodejs/-/nodejs-0.0.0.tgz",
      "integrity": "sha512-1V+0HwaB/dhxzidEFc4uJ3k52gLI4B6YBZgJIofjwYCSAkD6CI0me6TDBT2QM2nbGWNxCHcq9/wVynzQYZOhUg=="
    }
  },
  "dependencies": {
    "dotenv": {
      "version": "16.0.3",
      "resolved": "https://registry.npmjs.org/dotenv/-/dotenv-16.0.3.tgz",
      "integrity": "sha512-7GO6HghkA5fYG9TYnNxi14/7K9f5occMlp3zXAuSxn7CKCxt9xbNWG7yF8hTCSUchlfWSe3uLmlPfigevRItzQ=="
    },
    "nodejs": {
      "version": "0.0.0",
      "resolved": "https://registry.npmjs.org/nodejs/-/nodejs-0.0.0.tgz",
      "integrity": "sha512-1V+0HwaB/dhxzidEFc4uJ3k52gLI4B6YBZgJIofjwYCSAkD6CI0me6TDBT2QM2nbGWNxCHcq9/wVynzQYZOhUg=="
    }
  }
}
TmZGShmHc/V23hO/vWbdnuy3D81As3pfovw72gGi42l9qA=="
    }
  }
}
